
Microsoft Visual Studio Solution File, Format Version 12.00
# Visual Studio 14
VisualStudioVersion = 14.0.25420.1
MinimumVisualStudioVersion = 10.0.40219.1
Project("{FAE04EC0-301F-11D3-BF4B-00C04F79EFBC}") = "Services", "Services\Services.csproj", "{B8A7C4FF-250A-44A2-965B-5527D5B1E3E2}"
EndProject
Project("{FAE04EC0-301F-11D3-BF4B-00C04F79EFBC}") = "Data", "Data\Data.csproj", "{06BC7CC1-FB0C-4F98-9A07-A30B282708F6}"
EndProject
Project("{FAE04EC0-301F-11D3-BF4B-00C04F79EFBC}") = "TestClient", "TestClient\TestClient.csproj", "{D1B911C4-1CCA-4C06-8F37-3623D631DF4E}"
	ProjectSection(ProjectDependencies) = postProject
		{B8A7C4FF-250A-44A2-965B-5527D5B1E3E2} = {B8A7C4FF-250A-44A2-965B-5527D5B1E3E2}
	EndProjectSection
EndProject
Project("{FAE04EC0-301F-11D3-BF4B-00C04F79EFBC}") = "TestAspService", "TestAspService\TestAspService.csproj", "{4402DA20-6619-4DF5-9D52-6AEF5849654E}"
EndProject
Project("{FAE04EC0-301F-11D3-BF4B-00C04F79EFBC}") = "Client", "Client\Client.csproj", "{17C95DA3-ED62-48CF-9585-52ED630ECB9A}"
EndProject
Project("{FAE04EC0-301F-11D3-BF4B-00C04F79EFBC}") = "Infrastructure", "Infrastructure\Infrastructure.csproj", "{DDA27756-A5DF-4F57-9E41-0872B516078C}"
EndProject
Global
	GlobalSection(SolutionConfigurationPlatforms) = preSolution
		Debug|Any CPU = Debug|Any CPU
		Release|Any CPU = Release|Any CPU
	EndGlobalSection
	GlobalSection(ProjectConfigurationPlatforms) = postSolution
		{B8A7C4FF-250A-44A2-965B-5527D5B1E3E2}.Debug|Any CPU.ActiveCfg = Debug|Any CPU
		{B8A7C4FF-250A-44A2-965B-5527D5B1E3E2}.Debug|Any CPU.Build.0 = Debug|Any CPU
		{B8A7C4FF-250A-44A2-965B-5527D5B1E3E2}.Release|Any CPU.ActiveCfg = Release|Any CPU
		{B8A7C4FF-250A-44A2-965B-5527D5B1E3E2}.Release|Any CPU.Build.0 = Release|Any CPU
		{06BC7CC1-FB0C-4F98-9A07-A30B282708F6}.Debug|Any CPU.ActiveCfg = Debug|Any CPU
		{06BC7CC1-FB0C-4F98-9A07-A30B282708F6}.Debug|Any CPU.Build.0 = Debug|Any CPU
		{06BC7CC1-FB0C-4F98-9A07-A30B282708F6}.Release|Any CPU.ActiveCfg = Release|Any CPU
		{06BC7CC1-FB0C-4F98-9A07-A30B282708F6}.Release|Any CPU.Build.0 = Release|Any CPU
		{D1B911C4-1CCA-4C06-8F37-3623D631DF4E}.Debug|Any CPU.ActiveCfg = Debug|Any CPU
		{D1B911C4-1CCA-4C06-8F37-3623D631DF4E}.Debug|Any CPU.Build.0 = Debug|Any CPU
		{D1B911C4-1CCA-4C06-8F37-3623D631DF4E}.Release|Any CPU.ActiveCfg = Release|Any CPU
		{D1B911C4-1CCA-4C06-8F37-3623D631DF4E}.Release|Any CPU.Build.0 = Release|Any CPU
		{4402DA20-6619-4DF5-9D52-6AEF5849654E}.Debug|Any CPU.ActiveCfg = Debug|Any CPU
		{4402DA20-6619-4DF5-9D52-6AEF5849654E}.Debug|Any CPU.Build.0 = Debug|Any CPU
		{4402DA20-6619-4DF5-9D52-6AEF5849654E}.Release|Any CPU.ActiveCfg = Release|Any CPU
		{4402DA20-6619-4DF5-9D52-6AEF5849654E}.Release|Any CPU.Build.0 = Release|Any CPU
		{17C95DA3-ED62-48CF-9585-52ED630ECB9A}.Debug|Any CPU.ActiveCfg = Debug|Any CPU
		{17C95DA3-ED62-48CF-9585-52ED630ECB9A}.Debug|Any CPU.Build.0 = Debug|Any CPU
		{17C95DA3-ED62-48CF-9585-52ED630ECB9A}.Release|Any CPU.ActiveCfg = Release|Any CPU
		{17C95DA3-ED62-48CF-9585-52ED630ECB9A}.Release|Any CPU.Build.0 = Release|Any CPU
		{DDA27756-A5DF-4F57-9E41-0872B516078C}.Debug|Any CPU.ActiveCfg = Debug|Any CPU
		{DDA27756-A5DF-4F57-9E41-0872B516078C}.Debug|Any CPU.Build.0 = Debug|Any CPU
		{DDA27756-A5DF-4F57-9E41-0872B516078C}.Release|Any CPU.ActiveCfg = Release|Any CPU
		{DDA27756-A5DF-4F57-9E41-0872B516078C}.Release|Any CPU.Build.0 = Release|Any CPU
	EndGlobalSection
	GlobalSection(SolutionProperties) = preSolution
		HideSolutionNode = FALSE
	EndGlobalSection
EndGlobal
